
Microsoft Visual Studio Solution File, Format Version 12.00
# Visual Studio Version 17
VisualStudioVersion = 17.5.33516.290
MinimumVisualStudioVersion = 10.0.40219.1
Project("{9A19103F-16F7-4668-BE54-9A1E7A4F7556}") = "Sks365.MessageBrokers", "Sks365.MessageBrokers\Sks365.MessageBrokers.csproj", "{20DB1D84-570D-4F8B-AF1B-F12F0F0D8CCA}"
EndProject
Project("{9A19103F-16F7-4668-BE54-9A1E7A4F7556}") = "Sks365.MessageBrokers.TestApi", "Sks365.MessageBrokers.TestApi\Sks365.MessageBrokers.TestApi.csproj", "{9E8E6C5B-A212-4B0A-AAD5-039E65D1D890}"
EndProject
Project("{FAE04EC0-301F-11D3-BF4B-00C04F79EFBC}") = "Sks365.MessageBrokers.DomainMessages", "Sks365.MessageBrokers.DomainMessages\Sks365.MessageBrokers.DomainMessages.csproj", "{06E488C5-8D9D-49C1-9C71-6EEB21F75486}"
EndProject
Global
	GlobalSection(SolutionConfigurationPlatforms) = preSolution
		Debug|Any CPU = Debug|Any CPU
		Release|Any CPU = Release|Any CPU
	EndGlobalSection
	GlobalSection(ProjectConfigurationPlatforms) = postSolution
		{20DB1D84-570D-4F8B-AF1B-F12F0F0D8CCA}.Debug|Any CPU.ActiveCfg = Debug|Any CPU
		{20DB1D84-570D-4F8B-AF1B-F12F0F0D8CCA}.Debug|Any CPU.Build.0 = Debug|Any CPU
		{20DB1D84-570D-4F8B-AF1B-F12F0F0D8CCA}.Release|Any CPU.ActiveCfg = Release|Any CPU
		{20DB1D84-570D-4F8B-AF1B-F12F0F0D8CCA}.Release|Any CPU.Build.0 = Release|Any CPU
		{9E8E6C5B-A212-4B0A-AAD5-039E65D1D890}.Debug|Any CPU.ActiveCfg = Debug|Any CPU
		{9E8E6C5B-A212-4B0A-AAD5-039E65D1D890}.Debug|Any CPU.Build.0 = Debug|Any CPU
		{9E8E6C5B-A212-4B0A-AAD5-039E65D1D890}.Release|Any CPU.ActiveCfg = Release|Any CPU
		{9E8E6C5B-A212-4B0A-AAD5-039E65D1D890}.Release|Any CPU.Build.0 = Release|Any CPU
		{06E488C5-8D9D-49C1-9C71-6EEB21F75486}.Debug|Any CPU.ActiveCfg = Debug|Any CPU
		{06E488C5-8D9D-49C1-9C71-6EEB21F75486}.Debug|Any CPU.Build.0 = Debug|Any CPU
		{06E488C5-8D9D-49C1-9C71-6EEB21F75486}.Release|Any CPU.ActiveCfg = Release|Any CPU
		{06E488C5-8D9D-49C1-9C71-6EEB21F75486}.Release|Any CPU.Build.0 = Release|Any CPU
	EndGlobalSection
	GlobalSection(SolutionProperties) = preSolution
		HideSolutionNode = FALSE
	EndGlobalSection
	GlobalSection(ExtensibilityGlobals) = postSolution
		SolutionGuid = {1FE5F745-136E-403A-A9F7-FD8DAABDB6CB}
	EndGlobalSection
EndGlobal
